
Microsoft Visual Studio Solution File, Format Version 12.00
# Visual Studio 15
VisualStudioVersion = 15.0.26730.16
MinimumVisualStudioVersion = 10.0.40219.1
Project("{FAE04EC0-301F-11D3-BF4B-00C04F79EFBC}") = "01. OrderByAge", "01. OrderByAge\01. OrderByAge.csproj", "{77E195A0-476F-423A-8CC5-B9E746EAF84E}"
EndProject
Project("{FAE04EC0-301F-11D3-BF4B-00C04F79EFBC}") = "02. VehicleCatalogue", "02. VehicleCatalogue\02. VehicleCatalogue.csproj", "{EC2F26EE-A5EB-41A0-AE63-A937A39EC213}"
EndProject
Project("{FAE04EC0-301F-11D3-BF4B-00C04F79EFBC}") = "03. Jarvis", "03. Jarvis\03. Jarvis.csproj", "{5822714C-B3D4-4F0B-B9E4-8CAF9639CF44}"
EndProject
Project("{FAE04EC0-301F-11D3-BF4B-00C04F79EFBC}") = "04. PunctuationFinder", "04. PunctuationFinder\04. PunctuationFinder.csproj", "{CEFE61AA-8996-4CAA-BB28-2B03FEF0213A}"
EndProject
Project("{FAE04EC0-301F-11D3-BF4B-00C04F79EFBC}") = "05. WriteToFile", "05. WriteToFile\05. WriteToFile.csproj", "{977BD16C-39BD-4763-A0E9-F007150E2BDC}"
EndProject
Project("{FAE04EC0-301F-11D3-BF4B-00C04F79EFBC}") = "06. EXCELlentKnowledge", "06. EXCELlentKnowledge\06. EXCELlentKnowledge.csproj", "{F515A0AD-2AE6-4FC0-8DA2-72DA1361FDC8}"
EndProject
Project("{FAE04EC0-301F-11D3-BF4B-00C04F79EFBC}") = "07. PlayCatch", "07. PlayCatch\07. PlayCatch.csproj", "{1AEE5597-2B2F-479E-A62F-D4081286F2FE}"
EndProject
Project("{FAE04EC0-301F-11D3-BF4B-00C04F79EFBC}") = "08. PersonalException", "08. PersonalException\08. PersonalException.csproj", "{3C2D5B6F-E61D-4773-A40A-052A64F43623}"
EndProject
Global
	GlobalSection(SolutionConfigurationPlatforms) = preSolution
		Debug|Any CPU = Debug|Any CPU
		Release|Any CPU = Release|Any CPU
	EndGlobalSection
	GlobalSection(ProjectConfigurationPlatforms) = postSolution
		{77E195A0-476F-423A-8CC5-B9E746EAF84E}.Debug|Any CPU.ActiveCfg = Debug|Any CPU
		{77E195A0-476F-423A-8CC5-B9E746EAF84E}.Debug|Any CPU.Build.0 = Debug|Any CPU
		{77E195A0-476F-423A-8CC5-B9E746EAF84E}.Release|Any CPU.ActiveCfg = Release|Any CPU
		{77E195A0-476F-423A-8CC5-B9E746EAF84E}.Release|Any CPU.Build.0 = Release|Any CPU
		{EC2F26EE-A5EB-41A0-AE63-A937A39EC213}.Debug|Any CPU.ActiveCfg = Debug|Any CPU
		{EC2F26EE-A5EB-41A0-AE63-A937A39EC213}.Debug|Any CPU.Build.0 = Debug|Any CPU
		{EC2F26EE-A5EB-41A0-AE63-A937A39EC213}.Release|Any CPU.ActiveCfg = Release|Any CPU
		{EC2F26EE-A5EB-41A0-AE63-A937A39EC213}.Release|Any CPU.Build.0 = Release|Any CPU
		{5822714C-B3D4-4F0B-B9E4-8CAF9639CF44}.Debug|Any CPU.ActiveCfg = Debug|Any CPU
		{5822714C-B3D4-4F0B-B9E4-8CAF9639CF44}.Debug|Any CPU.Build.0 = Debug|Any CPU
		{5822714C-B3D4-4F0B-B9E4-8CAF9639CF44}.Release|Any CPU.ActiveCfg = Release|Any CPU
		{5822714C-B3D4-4F0B-B9E4-8CAF9639CF44}.Release|Any CPU.Build.0 = Release|Any CPU
		{CEFE61AA-8996-4CAA-BB28-2B03FEF0213A}.Debug|Any CPU.ActiveCfg = Debug|Any CPU
		{CEFE61AA-8996-4CAA-BB28-2B03FEF0213A}.Debug|Any CPU.Build.0 = Debug|Any CPU
		{CEFE61AA-8996-4CAA-BB28-2B03FEF0213A}.Release|Any CPU.ActiveCfg = Release|Any CPU
		{CEFE61AA-8996-4CAA-BB28-2B03FEF0213A}.Release|Any CPU.Build.0 = Release|Any CPU
		{977BD16C-39BD-4763-A0E9-F007150E2BDC}.Debug|Any CPU.ActiveCfg = Debug|Any CPU
		{977BD16C-39BD-4763-A0E9-F007150E2BDC}.Debug|Any CPU.Build.0 = Debug|Any CPU
		{977BD16C-39BD-4763-A0E9-F007150E2BDC}.Release|Any CPU.ActiveCfg = Release|Any CPU
		{977BD16C-39BD-4763-A0E9-F007150E2BDC}.Release|Any CPU.Build.0 = Release|Any CPU
		{F515A0AD-2AE6-4FC0-8DA2-72DA1361FDC8}.Debug|Any CPU.ActiveCfg = Debug|Any CPU
		{F515A0AD-2AE6-4FC0-8DA2-72DA1361FDC8}.Debug|Any CPU.Build.0 = Debug|Any CPU
		{F515A0AD-2AE6-4FC0-8DA2-72DA1361FDC8}.Release|Any CPU.ActiveCfg = Release|Any CPU
		{F515A0AD-2AE6-4FC0-8DA2-72DA1361FDC8}.Release|Any CPU.Build.0 = Release|Any CPU
		{1AEE5597-2B2F-479E-A62F-D4081286F2FE}.Debug|Any CPU.ActiveCfg = Debug|Any CPU
		{1AEE5597-2B2F-479E-A62F-D4081286F2FE}.Debug|Any CPU.Build.0 = Debug|Any CPU
		{1AEE5597-2B2F-479E-A62F-D4081286F2FE}.Release|Any CPU.ActiveCfg = Release|Any CPU
		{1AEE5597-2B2F-479E-A62F-D4081286F2FE}.Release|Any CPU.Build.0 = Release|Any CPU
		{3C2D5B6F-E61D-4773-A40A-052A64F43623}.Debug|Any CPU.ActiveCfg = Debug|Any CPU
		{3C2D5B6F-E61D-4773-A40A-052A64F43623}.Debug|Any CPU.Build.0 = Debug|Any CPU
		{3C2D5B6F-E61D-4773-A40A-052A64F43623}.Release|Any CPU.ActiveCfg = Release|Any CPU
		{3C2D5B6F-E61D-4773-A40A-052A64F43623}.Release|Any CPU.Build.0 = Release|Any CPU
	EndGlobalSection
	GlobalSection(SolutionProperties) = preSolution
		HideSolutionNode = FALSE
	EndGlobalSection
	GlobalSection(ExtensibilityGlobals) = postSolution
		SolutionGuid = {97DE4AA6-B152-4EA9-B278-48BDBA74208C}
	EndGlobalSection
EndGlobal
